// !$*UTF8*$!
{
	archiveVersion = 1;
	classes = {
	};
	objectVersion = 46;
	objects = {

/* Begin PBXBuildFile section */
		2AF831D61C8D15B3001BF826 /* main.m in Sources */ = {isa = PBXBuildFile; fileRef = 2AF831D51C8D15B3001BF826 /* main.m */; };
		2AF831D91C8D15B3001BF826 /* AppDelegate.m in Sources */ = {isa = PBXBuildFile; fileRef = 2AF831D81C8D15B3001BF826 /* AppDelegate.m */; };
		2AF831DF1C8D15B3001BF826 /* Main.storyboard in Resources */ = {isa = PBXBuildFile; fileRef = 2AF831DD1C8D15B3001BF826 /* Main.storyboard */; };
		2AF831E11C8D15B3001BF826 /* Assets.xcassets in Resources */ = {isa = PBXBuildFile; fileRef = 2AF831E01C8D15B3001BF826 /* Assets.xcassets */; };
		2AF831E41C8D15B3001BF826 /* LaunchScreen.storyboard in Resources */ = {isa = PBXBuildFile; fileRef = 2AF831E21C8D15B3001BF826 /* LaunchScreen.storyboard */; };
		2AF831EF1C8D15B4001BF826 /* CGHRefreshControlDemoTests.m in Sources */ = {isa = PBXBuildFile; fileRef = 2AF831EE1C8D15B4001BF826 /* CGHRefreshControlDemoTests.m */; };
		2AF831FA1C8D15B4001BF826 /* CGHRefreshControlDemoUITests.m in Sources */ = {isa = PBXBuildFile; fileRef = 2AF831F91C8D15B4001BF826 /* CGHRefreshControlDemoUITests.m */; };
		2AF8320A1C8D166D001BF826 /* CGHRefreshControl.m in Sources */ = {isa = PBXBuildFile; fileRef = 2AF832091C8D166D001BF826 /* CGHRefreshControl.m */; };
		2AF8320D1C8D17FA001BF826 /* TableViewController.m in Sources */ = {isa = PBXBuildFile; fileRef = 2AF8320C1C8D17FA001BF826 /* TableViewController.m */; };
/* End PBXBuildFile section */

/* Begin PBXContainerItemProxy section */
		2AF831EB1C8D15B4001BF826 /* PBXContainerItemProxy */ = {
			isa = PBXContainerItemProxy;
			containerPortal = 2AF831C91C8D15B3001BF826 /* Project object */;
			proxyType = 1;
			remoteGlobalIDString = 2AF831D01C8D15B3001BF826;
			remoteInfo = CGHRefreshControlDemo;
		};
		2AF831F61C8D15B4001BF826 /* PBXContainerItemProxy */ = {
			isa = PBXContainerItemProxy;
			containerPortal = 2AF831C91C8D15B3001BF826 /* Project object */;
			proxyType = 1;
			remoteGlobalIDString = 2AF831D01C8D15B3001BF826;
			remoteInfo = CGHRefreshControlDemo;
		};
/* End PBXContainerItemProxy section */

/* Begin PBXFileReference section */
		2AF831D11C8D15B3001BF826 /* CGHRefreshControlDemo.app */ = {isa = PBXFileReference; explicitFileType = wrapper.application; includeInIndex = 0; path = CGHRefreshControlDemo.app; sourceTree = BUILT_PRODUCTS_DIR; };
		2AF831D51C8D15B3001BF826 /* main.m */ = {isa = PBXFileReference; lastKnownFileType = sourcecode.c.objc; path = main.m; sourceTree = "<group>"; };
		2AF831D71C8D15B3001BF826 /* AppDelegate.h */ = {isa = PBXFileReference; lastKnownFileType = sourcecode.c.h; path = AppDelegate.h; sourceTree = "<group>"; };
		2AF831D81C8D15B3001BF826 /* AppDelegate.m */ = {isa = PBXFileReference; lastKnownFileType = sourcecode.c.objc; path = AppDelegate.m; sourceTree = "<group>"; };
		2AF831DE1C8D15B3001BF826 /* Base */ = {isa = PBXFileReference; lastKnownFileType = file.storyboard; name = Base; path = Base.lproj/Main.storyboard; sourceTree = "<group>"; };
		2AF831E01C8D15B3001BF826 /* Assets.xcassets */ = {isa = PBXFileReference; lastKnownFileType = folder.assetcatalog; path = Assets.xcassets; sourceTree = "<group>"; };
		2AF831E31C8D15B3001BF826 /* Base */ = {isa = PBXFileReference; lastKnownFileType = file.storyboard; name = Base; path = Base.lproj/LaunchScreen.storyboard; sourceTree = "<group>"; };
		2AF831E51C8D15B3001BF826 /* Info.plist */ = {isa = PBXFileReference; lastKnownFileType = text.plist.xml; path = Info.plist; sourceTree = "<group>"; };
		2AF831EA1C8D15B4001BF826 /* CGHRefreshControlDemoTests.xctest */ = {isa = PBXFileReference; explicitFileType = wrapper.cfbundle; includeInIndex = 0; path = CGHRefreshControlDemoTests.xctest; sourceTree = BUILT_PRODUCTS_DIR; };
		2AF831EE1C8D15B4001BF826 /* CGHRefreshControlDemoTests.m */ = {isa = PBXFileReference; lastKnownFileType = sourcecode.c.objc; path = CGHRefreshControlDemoTests.m; sourceTree = "<group>"; };
		2AF831F01C8D15B4001BF826 /* Info.plist */ = {isa = PBXFileReference; lastKnownFileType = text.plist.xml; path = Info.plist; sourceTree = "<group>"; };
		2AF831F51C8D15B4001BF826 /* CGHRefreshControlDemoUITests.xctest */ = {isa = PBXFileReference; explicitFileType = wrapper.cfbundle; includeInIndex = 0; path = CGHRefreshControlDemoUITests.xctest; sourceTree = BUILT_PRODUCTS_DIR; };
		2AF831F91C8D15B4001BF826 /* CGHRefreshControlDemoUITests.m */ = {isa = PBXFileReference; lastKnownFileType = sourcecode.c.objc; path = CGHRefreshControlDemoUITests.m; sourceTree = "<group>"; };
		2AF831FB1C8D15B4001BF826 /* Info.plist */ = {isa = PBXFileReference; lastKnownFileType = text.plist.xml; path = Info.plist; sourceTree = "<group>"; };
		2AF832081C8D166D001BF826 /* CGHRefreshControl.h */ = {isa = PBXFileReference; fileEncoding = 4; lastKnownFileType = sourcecode.c.h; path = CGHRefreshControl.h; sourceTree = "<group>"; };
		2AF832091C8D166D001BF826 /* CGHRefreshControl.m */ = {isa = PBXFileReference; fileEncoding = 4; lastKnownFileType = sourcecode.c.objc; path = CGHRefreshControl.m; sourceTree = "<group>"; };
		2AF8320B1C8D17FA001BF826 /* TableViewController.h */ = {isa = PBXFileReference; fileEncoding = 4; lastKnownFileType = sourcecode.c.h; path = TableViewController.h; sourceTree = "<group>"; };
		2AF8320C1C8D17FA001BF826 /* TableViewController.m */ = {isa = PBXFileReference; fileEncoding = 4; lastKnownFileType = sourcecode.c.objc; path = TableViewController.m; sourceTree = "<group>"; };
/* End PBXFileReference section */

/* Begin PBXFrameworksBuildPhase section */
		2AF831CE1C8D15B3001BF826 /* Frameworks */ = {
			isa = PBXFrameworksBuildPhase;
			buildActionMask = 2147483647;
			files = (
			);
			runOnlyForDeploymentPostprocessing = 0;
		};
		2AF831E71C8D15B4001BF826 /* Frameworks */ = {
			isa = PBXFrameworksBuildPhase;
			buildActionMask = 2147483647;
			files = (
			);
			runOnlyForDeploymentPostprocessing = 0;
		};
		2AF831F21C8D15B4001BF826 /* Frameworks */ = {
			isa = PBXFrameworksBuildPhase;
			buildActionMask = 2147483647;
			files = (
			);
			runOnlyForDeploymentPostprocessing = 0;
		};
/* End PBXFrameworksBuildPhase section */

/* Begin PBXGroup section */
		2AF831C81C8D15B3001BF826 = {
			isa = PBXGroup;
			children = (
				2AF831D31C8D15B3001BF826 /* CGHRefreshControlDemo */,
				2AF831ED1C8D15B4001BF826 /* CGHRefreshControlDemoTests */,
				2AF831F81C8D15B4001BF826 /* CGHRefreshControlDemoUITests */,
				2AF831D21C8D15B3001BF826 /* Products */,
			);
			sourceTree = "<group>";
		};
		2AF831D21C8D15B3001BF826 /* Products */ = {
			isa = PBXGroup;
			children = (
				2AF831D11C8D15B3001BF826 /* CGHRefreshControlDemo.app */,
				2AF831EA1C8D15B4001BF826 /* CGHRefreshControlDemoTests.xctest */,
				2AF831F51C8D15B4001BF826 /* CGHRefreshControlDemoUITests.xctest */,
			);
			name = Products;
			sourceTree = "<group>";
		};
		2AF831D31C8D15B3001BF826 /* CGHRefreshControlDemo */ = {
			isa = PBXGroup;
			children = (
				2AF832071C8D163B001BF826 /* CGHRefreshControl */,
				2AF831D71C8D15B3001BF826 /* AppDelegate.h */,
				2AF831D81C8D15B3001BF826 /* AppDelegate.m */,
				2AF8320B1C8D17FA001BF826 /* TableViewController.h */,
				2AF8320C1C8D17FA001BF826 /* TableViewController.m */,
				2AF831DD1C8D15B3001BF826 /* Main.storyboard */,
				2AF831E01C8D15B3001BF826 /* Assets.xcassets */,
				2AF831E21C8D15B3001BF826 /* LaunchScreen.storyboard */,
				2AF831E51C8D15B3001BF826 /* Info.plist */,
				2AF831D41C8D15B3001BF826 /* Supporting Files */,
			);
			path = CGHRefreshControlDemo;
			sourceTree = "<group>";
		};
		2AF831D41C8D15B3001BF826 /* Supporting Files */ = {
			isa = PBXGroup;
			children = (
				2AF831D51C8D15B3001BF826 /* main.m */,
			);
			name = "Supporting Files";
			sourceTree = "<group>";
		};
		2AF831ED1C8D15B4001BF826 /* CGHRefreshControlDemoTests */ = {
			isa = PBXGroup;
			children = (
				2AF831EE1C8D15B4001BF826 /* CGHRefreshControlDemoTests.m */,
				2AF831F01C8D15B4001BF826 /* Info.plist */,
			);
			path = CGHRefreshControlDemoTests;
			sourceTree = "<group>";
		};
		2AF831F81C8D15B4001BF826 /* CGHRefreshControlDemoUITests */ = {
			isa = PBXGroup;
			children = (
				2AF831F91C8D15B4001BF826 /* CGHRefreshControlDemoUITests.m */,
				2AF831FB1C8D15B4001BF826 /* Info.plist */,
			);
			path = CGHRefreshControlDemoUITests;
			sourceTree = "<group>";
		};
		2AF832071C8D163B001BF826 /* CGHRefreshControl */ = {
			isa = PBXGroup;
			children = (
				2AF832081C8D166D001BF826 /* CGHRefreshControl.h */,
				2AF832091C8D166D001BF826 /* CGHRefreshControl.m */,
			);
			path = CGHRefreshControl;
			sourceTree = "<group>";
		};
/* End PBXGroup section */

/* Begin PBXNativeTarget section */
		2AF831D01C8D15B3001BF826 /* CGHRefreshControlDemo */ = {
			isa = PBXNativeTarget;
			buildConfigurationList = 2AF831FE1C8D15B4001BF826 /* Build configuration list for PBXNativeTarget "CGHRefreshControlDemo" */;
			buildPhases = (
				2AF831CD1C8D15B3001BF826 /* Sources */,
				2AF831CE1C8D15B3001BF826 /* Frameworks */,
				2AF831CF1C8D15B3001BF826 /* Resources */,
			);
			buildRules = (
			);
			dependencies = (
			);
			name = CGHRefreshControlDemo;
			productName = CGHRefreshControlDemo;
			productReference = 2AF831D11C8D15B3001BF826 /* CGHRefreshControlDemo.app */;
			productType = "com.apple.product-type.application";
		};
		2AF831E91C8D15B4001BF826 /* CGHRefreshControlDemoTests */ = {
			isa = PBXNativeTarget;
			buildConfigurationList = 2AF832011C8D15B4001BF826 /* Build configuration list for PBXNativeTarget "CGHRefreshControlDemoTests" */;
			buildPhases = (
				2AF831E61C8D15B4001BF826 /* Sources */,
				2AF831E71C8D15B4001BF826 /* Frameworks */,
				2AF831E81C8D15B4001BF826 /* Resources */,
			);
			buildRules = (
			);
			dependencies = (
				2AF831EC1C8D15B4001BF826 /* PBXTargetDependency */,
			);
			name = CGHRefreshControlDemoTests;
			productName = CGHRefreshControlDemoTests;
			productReference = 2AF831EA1C8D15B4001BF826 /* CGHRefreshControlDemoTests.xctest */;
			productType = "com.apple.product-type.bundle.unit-test";
		};
		2AF831F41C8D15B4001BF826 /* CGHRefreshControlDemoUITests */ = {
			isa = PBXNativeTarget;
			buildConfigurationList = 2AF832041C8D15B4001BF826 /* Build configuration list for PBXNativeTarget "CGHRefreshControlDemoUITests" */;
			buildPhases = (
				2AF831F11C8D15B4001BF826 /* Sources */,
				2AF831F21C8D15B4001BF826 /* Frameworks */,
				2AF831F31C8D15B4001BF826 /* Resources */,
			);
			buildRules = (
			);
			dependencies = (
				2AF831F71C8D15B4001BF826 /* PBXTargetDependency */,
			);
			name = CGHRefreshControlDemoUITests;
			productName = CGHRefreshControlDemoUITests;
			productReference = 2AF831F51C8D15B4001BF826 /* CGHRefreshControlDemoUITests.xctest */;
			productType = "com.apple.product-type.bundle.ui-testing";
		};
/* End PBXNativeTarget section */

/* Begin PBXProject section */
		2AF831C91C8D15B3001BF826 /* Project object */ = {
			isa = PBXProject;
			attributes = {
				LastUpgradeCheck = 0720;
				ORGANIZATIONNAME = caigehui;
				TargetAttributes = {
					2AF831D01C8D15B3001BF826 = {
						CreatedOnToolsVersion = 7.2;
					};
					2AF831E91C8D15B4001BF826 = {
						CreatedOnToolsVersion = 7.2;
						TestTargetID = 2AF831D01C8D15B3001BF826;
					};
					2AF831F41C8D15B4001BF826 = {
						CreatedOnToolsVersion = 7.2;
						TestTargetID = 2AF831D01C8D15B3001BF826;
					};
				};
			};
			buildConfigurationList = 2AF831CC1C8D15B3001BF826 /* Build configuration list for PBXProject "CGHRefreshControlDemo" */;
			compatibilityVersion = "Xcode 3.2";
			developmentRegion = English;
			hasScannedForEncodings = 0;
			knownRegions = (
				en,
				Base,
			);
			mainGroup = 2AF831C81C8D15B3001BF826;
			productRefGroup = 2AF831D21C8D15B3001BF826 /* Products */;
			projectDirPath = "";
			projectRoot = "";
			targets = (
				2AF831D01C8D15B3001BF826 /* CGHRefreshControlDemo */,
				2AF831E91C8D15B4001BF826 /* CGHRefreshControlDemoTests */,
				2AF831F41C8D15B4001BF826 /* CGHRefreshControlDemoUITests */,
			);
		};
/* End PBXProject section */

/* Begin PBXResourcesBuildPhase section */
		2AF831CF1C8D15B3001BF826 /* Resources */ = {
			isa = PBXResourcesBuildPhase;
			buildActionMask = 2147483647;
			files = (
				2AF831E41C8D15B3001BF826 /* LaunchScreen.storyboard in Resources */,
				2AF831E11C8D15B3001BF826 /* Assets.xcassets in Resources */,
				2AF831DF1C8D15B3001BF826 /* Main.storyboard in Resources */,
			);
			runOnlyForDeploymentPostprocessing = 0;
		};
		2AF831E81C8D15B4001BF826 /* Resources */ = {
			isa = PBXResourcesBuildPhase;
			buildActionMask = 2147483647;
			files = (
			);
			runOnlyForDeploymentPostprocessing = 0;
		};
		2AF831F31C8D15B4001BF826 /* Resources */ = {
			isa = PBXResourcesBuildPhase;
			buildActionMask = 2147483647;
			files = (
			);
			runOnlyForDeploymentPostprocessing = 0;
		};
/* End PBXResourcesBuildPhase section */

/* Begin PBXSourcesBuildPhase section */
		2AF831CD1C8D15B3001BF826 /* Sources */ = {
			isa = PBXSourcesBuildPhase;
			buildActionMask = 2147483647;
			files = (
				2AF8320A1C8D166D001BF826 /* CGHRefreshControl.m in Sources */,
				2AF831D91C8D15B3001BF826 /* AppDelegate.m in Sources */,
				2AF8320D1C8D17FA001BF826 /* TableViewController.m in Sources */,
				2AF831D61C8D15B3001BF826 /* main.m in Sources */,
			);
			runOnlyForDeploymentPostprocessing = 0;
		};
		2AF831E61C8D15B4001BF826 /* Sources */ = {
			isa = PBXSourcesBuildPhase;
			buildActionMask = 2147483647;
			files = (
				2AF831EF1C8D15B4001BF826 /* CGHRefreshControlDemoTests.m in Sources */,
			);
			runOnlyForDeploymentPostprocessing = 0;
		};
		2AF831F11C8D15B4001BF826 /* Sources */ = {
			isa = PBXSourcesBuildPhase;
			buildActionMask = 2147483647;
			files = (
				2AF831FA1C8D15B4001BF826 /* CGHRefreshControlDemoUITests.m in Sources */,
			);
			runOnlyForDeploymentPostprocessing = 0;
		};
/* End PBXSourcesBuildPhase section */

/* Begin PBXTargetDependency section */
		2AF831EC1C8D15B4001BF826 /* PBXTargetDependency */ = {
			isa = PBXTargetDependency;
			target = 2AF831D01C8D15B3001BF826 /* CGHRefreshControlDemo */;
			targetProxy = 2AF831EB1C8D15B4001BF826 /* PBXContainerItemProxy */;
		};
		2AF831F71C8D15B4001BF826 /* PBXTargetDependency */ = {
			isa = PBXTargetDependency;
			target = 2AF831D01C8D15B3001BF826 /* CGHRefreshControlDemo */;
			targetProxy = 2AF831F61C8D15B4001BF826 /* PBXContainerItemProxy */;
		};
/* End PBXTargetDependency section */

/* Begin PBXVariantGroup section */
		2AF831DD1C8D15B3001BF826 /* Main.storyboard */ = {
			isa = PBXVariantGroup;
			children = (
				2AF831DE1C8D15B3001BF826 /* Base */,
			);
			name = Main.storyboard;
			sourceTree = "<group>";
		};
		2AF831E21C8D15B3001BF826 /* LaunchScreen.storyboard */ = {
			isa = PBXVariantGroup;
			children = (
				2AF831E31C8D15B3001BF826 /* Base */,
			);
			name = LaunchScreen.storyboard;
			sourceTree = "<group>";
		};
/* End PBXVariantGroup section */

/* Begin XCBuildConfiguration section */
		2AF831FC1C8D15B4001BF826 /* Debug */ = {
			isa = XCBuildConfiguration;
			buildSettings = {
				ALWAYS_SEARCH_USER_PATHS = NO;
				CLANG_CXX_LANGUAGE_STANDARD = "gnu++0x";
				CLANG_CXX_LIBRARY = "libc++";
				CLANG_ENABLE_MODULES = YES;
				CLANG_ENABLE_OBJC_ARC = YES;
				CLANG_WARN_BOOL_CONVERSION = YES;
				CLANG_WARN_CONSTANT_CONVERSION = YES;
				CLANG_WARN_DIRECT_OBJC_ISA_USAGE = YES_ERROR;
				CLANG_WARN_EMPTY_BODY = YES;
				CLANG_WARN_ENUM_CONVERSION = YES;
				CLANG_WARN_INT_CONVERSION = YES;
				CLANG_WARN_OBJC_ROOT_CLASS = YES_ERROR;
				CLANG_WARN_UNREACHABLE_CODE = YES;
				CLANG_WARN__DUPLICATE_METHOD_MATCH = YES;
				"CODE_SIGN_IDENTITY[sdk=iphoneos*]" = "iPhone Developer";
				COPY_PHASE_STRIP = NO;
				DEBUG_INFORMATION_FORMAT = dwarf;
				ENABLE_STRICT_OBJC_MSGSEND = YES;
				ENABLE_TESTABILITY = YES;
				GCC_C_LANGUAGE_STANDARD = gnu99;
				GCC_DYNAMIC_NO_PIC = NO;
				GCC_NO_COMMON_BLOCKS = YES;
				GCC_OPTIMIZATION_LEVEL = 0;
				GCC_PREPROCESSOR_DEFINITIONS = (
					"DEBUG=1",
					"$(inherited)",
				);
				GCC_WARN_64_TO_32_BIT_CONVERSION = YES;
				GCC_WARN_ABOUT_RETURN_TYPE = YES_ERROR;
				GCC_WARN_UNDECLARED_SELECTOR = YES;
				GCC_WARN_UNINITIALIZED_AUTOS = YES_AGGRESSIVE;
				GCC_WARN_UNUSED_FUNCTION = YES;
				GCC_WARN_UNUSED_VARIABLE = YES;
				IPHONEOS_DEPLOYMENT_TARGET = 9.2;
				MTL_ENABLE_DEBUG_INFO = YES;
				ONLY_ACTIVE_ARCH = YES;
				SDKROOT = iphoneos;
				TARGETED_DEVICE_FAMILY = "1,2";
			};
			name = Debug;
		};
		2AF831FD1C8D15B4001BF826 /* Release */ = {
			isa = XCBuildConfiguration;
			buildSettings = {
				ALWAYS_SEARCH_USER_PATHS = NO;
				CLANG_CXX_LANGUAGE_STANDARD = "gnu++0x";
				CLANG_CXX_LIBRARY = "libc++";
				CLANG_ENABLE_MODULES = YES;
				CLANG_ENABLE_OBJC_ARC = YES;
				CLANG_WARN_BOOL_CONVERSION = YES;
				CLANG_WARN_CONSTANT_CONVERSION = YES;
				CLANG_WARN_DIRECT_OBJC_ISA_USAGE = YES_ERROR;
				CLANG_WARN_EMPTY_BODY = YES;
				CLANG_WARN_ENUM_CONVERSION = YES;
				CLANG_WARN_INT_CONVERSION = YES;
				CLANG_WARN_OBJC_ROOT_CLASS = YES_ERROR;
				CLANG_WARN_UNREACHABLE_CODE = YES;
				CLANG_WARN__DUPLICATE_METHOD_MATCH = YES;
				"CODE_SIGN_IDENTITY[sdk=iphoneos*]" = "iPhone Developer";
				COPY_PHASE_STRIP = NO;
				DEBUG_INFORMATION_FORMAT = "dwarf-with-dsym";
				ENABLE_NS_ASSERTIONS = NO;
				ENABLE_STRICT_OBJC_MSGSEND = YES;
				GCC_C_LANGUAGE_STANDARD = gnu99;
				GCC_NO_COMMON_BLOCKS = YES;
				GCC_WARN_64_TO_32_BIT_CONVERSION = YES;
				GCC_WARN_ABOUT_RETURN_TYPE = YES_ERROR;
				GCC_WARN_UNDECLARED_SELECTOR = YES;
				GCC_WARN_UNINITIALIZED_AUTOS = YES_AGGRESSIVE;
				GCC_WARN_UNUSED_FUNCTION = YES;
				GCC_WARN_UNUSED_VARIABLE = YES;
				IPHONEOS_DEPLOYMENT_TARGET = 9.2;
				MTL_ENABLE_DEBUG_INFO = NO;
				SDKROOT = iphoneos;
				TARGETED_DEVICE_FAMILY = "1,2";
				VALIDATE_PRODUCT = YES;
			};
			name = Release;
		};
		2AF831FF1C8D15B4001BF826 /* Debug */ = {
			isa = XCBuildConfiguration;
			buildSettings = {
				ASSETCATALOG_COMPILER_APPICON_NAME = AppIcon;
				INFOPLIST_FILE = CGHRefreshControlDemo/Info.plist;
				LD_RUNPATH_SEARCH_PATHS = "$(inherited) @executable_path/Frameworks";
				PRODUCT_BUNDLE_IDENTIFIER = caigehui.CGHRefreshControlDemo;
				PRODUCT_NAME = "$(TARGET_NAME)";
			};
			name = Debug;
		};
		2AF832001C8D15B4001BF826 /* Release */ = {
			isa = XCBuildConfiguration;
			buildSettings = {
				ASSETCATALOG_COMPILER_APPICON_NAME = AppIcon;
				INFOPLIST_FILE = CGHRefreshControlDemo/Info.plist;
				LD_RUNPATH_SEARCH_PATHS = "$(inherited) @executable_path/Frameworks";
				PRODUCT_BUNDLE_IDENTIFIER = caigehui.CGHRefreshControlDemo;
				PRODUCT_NAME = "$(TARGET_NAME)";
			};
			name = Release;
		};
		2AF832021C8D15B4001BF826 /* Debug */ = {
			isa = XCBuildConfiguration;
			buildSettings = {
				BUNDLE_LOADER = "$(TEST_HOST)";
				INFOPLIST_FILE = CGHRefreshControlDemoTests/Info.plist;
				LD_RUNPATH_SEARCH_PATHS = "$(inherited) @executable_path/Frameworks @loader_path/Frameworks";
				PRODUCT_BUNDLE_IDENTIFIER = caigehui.CGHRefreshControlDemoTests;
				PRODUCT_NAME = "$(TARGET_NAME)";
				TEST_HOST = "$(BUILT_PRODUCTS_DIR)/CGHRefreshControlDemo.app/CGHRefreshControlDemo";
			};
			name = Debug;
		};
		2AF832031C8D15B4001BF826 /* Release */ = {
			isa = XCBuildConfiguration;
			buildSettings = {
				BUNDLE_LOADER = "$(TEST_HOST)";
				INFOPLIST_FILE = CGHRefreshControlDemoTests/Info.plist;
				LD_RUNPATH_SEARCH_PATHS = "$(inherited) @executable_path/Frameworks @loader_path/Frameworks";
				PRODUCT_BUNDLE_IDENTIFIER = caigehui.CGHRefreshControlDemoTests;
				PRODUCT_NAME = "$(TARGET_NAME)";
				TEST_HOST = "$(BUILT_PRODUCTS_DIR)/CGHRefreshControlDemo.app/CGHRefreshControlDemo";
			};
			name = Release;
		};
		2AF832051C8D15B4001BF826 /* Debug */ = {
			isa = XCBuildConfiguration;
			buildSettings = {
				INFOPLIST_FILE = CGHRefreshControlDemoUITests/Info.plist;
				LD_RUNPATH_SEARCH_PATHS = "$(inherited) @executable_path/Frameworks @loader_path/Frameworks";
				PRODUCT_BUNDLE_IDENTIFIER = caigehui.CGHRefreshControlDemoUITests;
				PRODUCT_NAME = "$(TARGET_NAME)";
				TEST_TARGET_NAME = CGHRefreshControlDemo;
				USES_XCTRUNNER = YES;
			};
			name = Debug;
		};
		2AF832061C8D15B4001BF826 /* Release */ = {
			isa = XCBuildConfiguration;
			buildSettings = {
				INFOPLIST_FILE = CGHRefreshControlDemoUITests/Info.plist;
				LD_RUNPATH_SEARCH_PATHS = "$(inherited) @executable_path/Frameworks @loader_path/Frameworks";
				PRODUCT_BUNDLE_IDENTIFIER = caigehui.CGHRefreshControlDemoUITests;
				PRODUCT_NAME = "$(TARGET_NAME)";
				TEST_TARGET_NAME = CGHRefreshControlDemo;
				USES_XCTRUNNER = YES;
			};
			name = Release;
		};
/* End XCBuildConfiguration section */

/* Begin XCConfigurationList section */
		2AF831CC1C8D15B3001BF826 /* Build configuration list for PBXProject "CGHRefreshControlDemo" */ = {
			isa = XCConfigurationList;
			buildConfigurations = (
				2AF831FC1C8D15B4001BF826 /* Debug */,
				2AF831FD1C8D15B4001BF826 /* Release */,
			);
			defaultConfigurationIsVisible = 0;
			defaultConfigurationName = Release;
		};
		2AF831FE1C8D15B4001BF826 /* Build configuration list for PBXNativeTarget "CGHRefreshControlDemo" */ = {
			isa = XCConfigurationList;
			buildConfigurations = (
				2AF831FF1C8D15B4001BF826 /* Debug */,
				2AF832001C8D15B4001BF826 /* Release */,
			);
			defaultConfigurationIsVisible = 0;
		};
		2AF832011C8D15B4001BF826 /* Build configuration list for PBXNativeTarget "CGHRefreshControlDemoTests" */ = {
			isa = XCConfigurationList;
			buildConfigurations = (
				2AF832021C8D15B4001BF826 /* Debug */,
				2AF832031C8D15B4001BF826 /* Release */,
			);
			defaultConfigurationIsVisible = 0;
		};
		2AF832041C8D15B4001BF826 /* Build configuration list for PBXNativeTarget "CGHRefreshControlDemoUITests" */ = {
			isa = XCConfigurationList;
			buildConfigurations = (
				2AF832051C8D15B4001BF826 /* Debug */,
				2AF832061C8D15B4001BF826 /* Release */,
			);
			defaultConfigurationIsVisible = 0;
		};
/* End XCConfigurationList section */
	};
	rootObject = 2AF831C91C8D15B3001BF826 /* Project object */;
}
